
Microsoft Visual Studio Solution File, Format Version 12.00
# Visual Studio Version 17
VisualStudioVersion = 17.14.36221.1
MinimumVisualStudioVersion = 10.0.40219.1
Project("{FAE04EC0-301F-11D3-BF4B-00C04F79EFBC}") = "Project19", "Project19\Project19.csproj", "{BB4E512A-AD59-4021-9149-54FBF402D284}"
EndProject
Project("{FAE04EC0-301F-11D3-BF4B-00C04F79EFBC}") = "BusinessLayer", "BusinessLayer\BusinessLayer.csproj", "{3FC27F29-8DD8-4822-8AC2-1EA3AC529897}"
EndProject
Project("{FAE04EC0-301F-11D3-BF4B-00C04F79EFBC}") = "DataAccessLayer", "DataAccessLayer\DataAccessLayer.csproj", "{DEB18AA1-A151-47B5-ADDB-CBD5C99DE42D}"
EndProject
Project("{2150E333-8FDC-42A3-9474-1A3956D46DE8}") = "Éléments de solution", "Éléments de solution", "{9C8CB701-102D-CF49-A3E0-89AC09D42C2C}"
EndProject
Global
	GlobalSection(SolutionConfigurationPlatforms) = preSolution
		Debug|Any CPU = Debug|Any CPU
		Release|Any CPU = Release|Any CPU
	EndGlobalSection
	GlobalSection(ProjectConfigurationPlatforms) = postSolution
		{BB4E512A-AD59-4021-9149-54FBF402D284}.Debug|Any CPU.ActiveCfg = Debug|Any CPU
		{BB4E512A-AD59-4021-9149-54FBF402D284}.Debug|Any CPU.Build.0 = Debug|Any CPU
		{BB4E512A-AD59-4021-9149-54FBF402D284}.Release|Any CPU.ActiveCfg = Release|Any CPU
		{BB4E512A-AD59-4021-9149-54FBF402D284}.Release|Any CPU.Build.0 = Release|Any CPU
		{3FC27F29-8DD8-4822-8AC2-1EA3AC529897}.Debug|Any CPU.ActiveCfg = Debug|Any CPU
		{3FC27F29-8DD8-4822-8AC2-1EA3AC529897}.Debug|Any CPU.Build.0 = Debug|Any CPU
		{3FC27F29-8DD8-4822-8AC2-1EA3AC529897}.Release|Any CPU.ActiveCfg = Release|Any CPU
		{3FC27F29-8DD8-4822-8AC2-1EA3AC529897}.Release|Any CPU.Build.0 = Release|Any CPU
		{DEB18AA1-A151-47B5-ADDB-CBD5C99DE42D}.Debug|Any CPU.ActiveCfg = Debug|Any CPU
		{DEB18AA1-A151-47B5-ADDB-CBD5C99DE42D}.Debug|Any CPU.Build.0 = Debug|Any CPU
		{DEB18AA1-A151-47B5-ADDB-CBD5C99DE42D}.Release|Any CPU.ActiveCfg = Release|Any CPU
		{DEB18AA1-A151-47B5-ADDB-CBD5C99DE42D}.Release|Any CPU.Build.0 = Release|Any CPU
	EndGlobalSection
	GlobalSection(SolutionProperties) = preSolution
		HideSolutionNode = FALSE
	EndGlobalSection
	GlobalSection(ExtensibilityGlobals) = postSolution
		SolutionGuid = {EE809A7D-68E6-41C4-ABFF-AABFF954258A}
	EndGlobalSection
EndGlobal
